
Microsoft Visual Studio Solution File, Format Version 12.00
# Visual Studio Version 17
VisualStudioVersion = 17.4.33110.190
MinimumVisualStudioVersion = 10.0.40219.1
Project("{FAE04EC0-301F-11D3-BF4B-00C04F79EFBC}") = "EShopperAPI", "EShopperAPI\EShopperAPI.csproj", "{3CC5BDA1-7C9E-4B59-990A-9389A50B857C}"
EndProject
Global
	GlobalSection(SolutionConfigurationPlatforms) = preSolution
		Debug|Any CPU = Debug|Any CPU
		Release|Any CPU = Release|Any CPU
	EndGlobalSection
	GlobalSection(ProjectConfigurationPlatforms) = postSolution
		{3CC5BDA1-7C9E-4B59-990A-9389A50B857C}.Debug|Any CPU.ActiveCfg = Debug|Any CPU
		{3CC5BDA1-7C9E-4B59-990A-9389A50B857C}.Debug|Any CPU.Build.0 = Debug|Any CPU
		{3CC5BDA1-7C9E-4B59-990A-9389A50B857C}.Release|Any CPU.ActiveCfg = Release|Any CPU
		{3CC5BDA1-7C9E-4B59-990A-9389A50B857C}.Release|Any CPU.Build.0 = Release|Any CPU
	EndGlobalSection
	GlobalSection(SolutionProperties) = preSolution
		HideSolutionNode = FALSE
	EndGlobalSection
	GlobalSection(ExtensibilityGlobals) = postSolution
		SolutionGuid = {96E95C69-3900-424C-9859-FFF6FB7766EE}
	EndGlobalSection
EndGlobal
